
Microsoft Visual Studio Solution File, Format Version 12.00
# Visual Studio Version 17
VisualStudioVersion = 17.4.33103.184
MinimumVisualStudioVersion = 10.0.40219.1
Project("{9A19103F-16F7-4668-BE54-9A1E7A4F7556}") = "PhoneNumbers", "PhoneNumbers\PhoneNumbers.csproj", "{AA0F869D-A624-47D0-9614-B40FF5782D61}"
EndProject
Project("{9A19103F-16F7-4668-BE54-9A1E7A4F7556}") = "PhoneNumbers.Test", "PhoneNumbers.Test\PhoneNumbers.Test.csproj", "{98341310-7045-435F-B199-7E9602B7BCF0}"
EndProject
Project("{FAE04EC0-301F-11D3-BF4B-00C04F79EFBC}") = "PhoneNumbers.Extensions", "PhoneNumbers.Extensions\PhoneNumbers.Extensions.csproj", "{97B498C0-A2CE-484B-9C6D-A835CCFF2156}"
EndProject
Project("{FAE04EC0-301F-11D3-BF4B-00C04F79EFBC}") = "PhoneNumbers.Extensions.Test", "PhoneNumbers.Extensions.Test\PhoneNumbers.Extensions.Test.csproj", "{79B85614-CA87-4F79-BF7D-D83C4ACB3AE2}"
EndProject
Global
	GlobalSection(SolutionConfigurationPlatforms) = preSolution
		Debug_Silverlight2|Any CPU = Debug_Silverlight2|Any CPU
		Debug|Any CPU = Debug|Any CPU
		Release_Silverlight2|Any CPU = Release_Silverlight2|Any CPU
		Release|Any CPU = Release|Any CPU
		Silverlight2|Any CPU = Silverlight2|Any CPU
	EndGlobalSection
	GlobalSection(ProjectConfigurationPlatforms) = postSolution
		{AA0F869D-A624-47D0-9614-B40FF5782D61}.Debug_Silverlight2|Any CPU.ActiveCfg = Debug|Any CPU
		{AA0F869D-A624-47D0-9614-B40FF5782D61}.Debug_Silverlight2|Any CPU.Build.0 = Debug|Any CPU
		{AA0F869D-A624-47D0-9614-B40FF5782D61}.Debug|Any CPU.ActiveCfg = Debug|Any CPU
		{AA0F869D-A624-47D0-9614-B40FF5782D61}.Debug|Any CPU.Build.0 = Debug|Any CPU
		{AA0F869D-A624-47D0-9614-B40FF5782D61}.Release_Silverlight2|Any CPU.ActiveCfg = Release|Any CPU
		{AA0F869D-A624-47D0-9614-B40FF5782D61}.Release_Silverlight2|Any CPU.Build.0 = Release|Any CPU
		{AA0F869D-A624-47D0-9614-B40FF5782D61}.Release|Any CPU.ActiveCfg = Release|Any CPU
		{AA0F869D-A624-47D0-9614-B40FF5782D61}.Release|Any CPU.Build.0 = Release|Any CPU
		{AA0F869D-A624-47D0-9614-B40FF5782D61}.Silverlight2|Any CPU.ActiveCfg = Debug|Any CPU
		{AA0F869D-A624-47D0-9614-B40FF5782D61}.Silverlight2|Any CPU.Build.0 = Debug|Any CPU
		{98341310-7045-435F-B199-7E9602B7BCF0}.Debug_Silverlight2|Any CPU.ActiveCfg = Debug|Any CPU
		{98341310-7045-435F-B199-7E9602B7BCF0}.Debug_Silverlight2|Any CPU.Build.0 = Debug|Any CPU
		{98341310-7045-435F-B199-7E9602B7BCF0}.Debug|Any CPU.ActiveCfg = Debug|Any CPU
		{98341310-7045-435F-B199-7E9602B7BCF0}.Debug|Any CPU.Build.0 = Debug|Any CPU
		{98341310-7045-435F-B199-7E9602B7BCF0}.Release_Silverlight2|Any CPU.ActiveCfg = Release|Any CPU
		{98341310-7045-435F-B199-7E9602B7BCF0}.Release_Silverlight2|Any CPU.Build.0 = Release|Any CPU
		{98341310-7045-435F-B199-7E9602B7BCF0}.Release|Any CPU.ActiveCfg = Release|Any CPU
		{98341310-7045-435F-B199-7E9602B7BCF0}.Release|Any CPU.Build.0 = Release|Any CPU
		{98341310-7045-435F-B199-7E9602B7BCF0}.Silverlight2|Any CPU.ActiveCfg = Debug|Any CPU
		{98341310-7045-435F-B199-7E9602B7BCF0}.Silverlight2|Any CPU.Build.0 = Debug|Any CPU
		{97B498C0-A2CE-484B-9C6D-A835CCFF2156}.Debug_Silverlight2|Any CPU.ActiveCfg = Debug|Any CPU
		{97B498C0-A2CE-484B-9C6D-A835CCFF2156}.Debug_Silverlight2|Any CPU.Build.0 = Debug|Any CPU
		{97B498C0-A2CE-484B-9C6D-A835CCFF2156}.Debug|Any CPU.ActiveCfg = Debug|Any CPU
		{97B498C0-A2CE-484B-9C6D-A835CCFF2156}.Debug|Any CPU.Build.0 = Debug|Any CPU
		{97B498C0-A2CE-484B-9C6D-A835CCFF2156}.Release_Silverlight2|Any CPU.ActiveCfg = Debug|Any CPU
		{97B498C0-A2CE-484B-9C6D-A835CCFF2156}.Release_Silverlight2|Any CPU.Build.0 = Debug|Any CPU
		{97B498C0-A2CE-484B-9C6D-A835CCFF2156}.Release|Any CPU.ActiveCfg = Release|Any CPU
		{97B498C0-A2CE-484B-9C6D-A835CCFF2156}.Release|Any CPU.Build.0 = Release|Any CPU
		{97B498C0-A2CE-484B-9C6D-A835CCFF2156}.Silverlight2|Any CPU.ActiveCfg = Debug|Any CPU
		{97B498C0-A2CE-484B-9C6D-A835CCFF2156}.Silverlight2|Any CPU.Build.0 = Debug|Any CPU
		{79B85614-CA87-4F79-BF7D-D83C4ACB3AE2}.Debug_Silverlight2|Any CPU.ActiveCfg = Debug|Any CPU
		{79B85614-CA87-4F79-BF7D-D83C4ACB3AE2}.Debug_Silverlight2|Any CPU.Build.0 = Debug|Any CPU
		{79B85614-CA87-4F79-BF7D-D83C4ACB3AE2}.Debug|Any CPU.ActiveCfg = Debug|Any CPU
		{79B85614-CA87-4F79-BF7D-D83C4ACB3AE2}.Debug|Any CPU.Build.0 = Debug|Any CPU
		{79B85614-CA87-4F79-BF7D-D83C4ACB3AE2}.Release_Silverlight2|Any CPU.ActiveCfg = Debug|Any CPU
		{79B85614-CA87-4F79-BF7D-D83C4ACB3AE2}.Release_Silverlight2|Any CPU.Build.0 = Debug|Any CPU
		{79B85614-CA87-4F79-BF7D-D83C4ACB3AE2}.Release|Any CPU.ActiveCfg = Release|Any CPU
		{79B85614-CA87-4F79-BF7D-D83C4ACB3AE2}.Release|Any CPU.Build.0 = Release|Any CPU
		{79B85614-CA87-4F79-BF7D-D83C4ACB3AE2}.Silverlight2|Any CPU.ActiveCfg = Debug|Any CPU
		{79B85614-CA87-4F79-BF7D-D83C4ACB3AE2}.Silverlight2|Any CPU.Build.0 = Debug|Any CPU
	EndGlobalSection
	GlobalSection(SolutionProperties) = preSolution
		HideSolutionNode = FALSE
	EndGlobalSection
	GlobalSection(ExtensibilityGlobals) = postSolution
		SolutionGuid = {C6A566E7-A53F-43C3-A20E-F13F19704585}
	EndGlobalSection
EndGlobal
