
Microsoft Visual Studio Solution File, Format Version 12.00
# Visual Studio 14
VisualStudioVersion = 14.0.22823.1
MinimumVisualStudioVersion = 10.0.40219.1
Project("{FAE04EC0-301F-11D3-BF4B-00C04F79EFBC}") = "PhoneNumbers", "PhoneNumbers\PhoneNumbers.csproj", "{775A5AF2-FB45-4CE5-88D0-B1BE8AD56459}"
EndProject
Project("{FAE04EC0-301F-11D3-BF4B-00C04F79EFBC}") = "PhoneNumbers.Test", "PhoneNumbers.Test\PhoneNumbers.Test.csproj", "{8E08D659-BBF6-4967-A56E-EA695DA6B45C}"
EndProject
Global
	GlobalSection(SolutionConfigurationPlatforms) = preSolution
		Debug_Silverlight2|Any CPU = Debug_Silverlight2|Any CPU
		Debug|Any CPU = Debug|Any CPU
		Release_Silverlight2|Any CPU = Release_Silverlight2|Any CPU
		Release|Any CPU = Release|Any CPU
		Silverlight2|Any CPU = Silverlight2|Any CPU
	EndGlobalSection
	GlobalSection(ProjectConfigurationPlatforms) = postSolution
		{775A5AF2-FB45-4CE5-88D0-B1BE8AD56459}.Debug_Silverlight2|Any CPU.ActiveCfg = Debug|Any CPU
		{775A5AF2-FB45-4CE5-88D0-B1BE8AD56459}.Debug_Silverlight2|Any CPU.Build.0 = Debug|Any CPU
		{775A5AF2-FB45-4CE5-88D0-B1BE8AD56459}.Debug|Any CPU.ActiveCfg = Debug|Any CPU
		{775A5AF2-FB45-4CE5-88D0-B1BE8AD56459}.Debug|Any CPU.Build.0 = Debug|Any CPU
		{775A5AF2-FB45-4CE5-88D0-B1BE8AD56459}.Release_Silverlight2|Any CPU.ActiveCfg = Release|Any CPU
		{775A5AF2-FB45-4CE5-88D0-B1BE8AD56459}.Release_Silverlight2|Any CPU.Build.0 = Release|Any CPU
		{775A5AF2-FB45-4CE5-88D0-B1BE8AD56459}.Release|Any CPU.ActiveCfg = Release|Any CPU
		{775A5AF2-FB45-4CE5-88D0-B1BE8AD56459}.Release|Any CPU.Build.0 = Release|Any CPU
		{775A5AF2-FB45-4CE5-88D0-B1BE8AD56459}.Silverlight2|Any CPU.ActiveCfg = Release|Any CPU
		{775A5AF2-FB45-4CE5-88D0-B1BE8AD56459}.Silverlight2|Any CPU.Build.0 = Release|Any CPU
		{8E08D659-BBF6-4967-A56E-EA695DA6B45C}.Debug_Silverlight2|Any CPU.ActiveCfg = Debug|Any CPU
		{8E08D659-BBF6-4967-A56E-EA695DA6B45C}.Debug_Silverlight2|Any CPU.Build.0 = Debug|Any CPU
		{8E08D659-BBF6-4967-A56E-EA695DA6B45C}.Debug|Any CPU.ActiveCfg = Debug|Any CPU
		{8E08D659-BBF6-4967-A56E-EA695DA6B45C}.Debug|Any CPU.Build.0 = Debug|Any CPU
		{8E08D659-BBF6-4967-A56E-EA695DA6B45C}.Release_Silverlight2|Any CPU.ActiveCfg = Release|Any CPU
		{8E08D659-BBF6-4967-A56E-EA695DA6B45C}.Release_Silverlight2|Any CPU.Build.0 = Release|Any CPU
		{8E08D659-BBF6-4967-A56E-EA695DA6B45C}.Release|Any CPU.ActiveCfg = Release|Any CPU
		{8E08D659-BBF6-4967-A56E-EA695DA6B45C}.Release|Any CPU.Build.0 = Release|Any CPU
		{8E08D659-BBF6-4967-A56E-EA695DA6B45C}.Silverlight2|Any CPU.ActiveCfg = Release|Any CPU
		{8E08D659-BBF6-4967-A56E-EA695DA6B45C}.Silverlight2|Any CPU.Build.0 = Release|Any CPU
	EndGlobalSection
	GlobalSection(SolutionProperties) = preSolution
		HideSolutionNode = FALSE
	EndGlobalSection
EndGlobal
