
Microsoft Visual Studio Solution File, Format Version 12.00
# Visual Studio 15
VisualStudioVersion = 15.0.27004.2002
MinimumVisualStudioVersion = 10.0.40219.1
Project("{9A19103F-16F7-4668-BE54-9A1E7A4F7556}") = "PhoneNumbers", "PhoneNumbers\PhoneNumbers.csproj", "{AA0F869D-A624-47D0-9614-B40FF5782D61}"
EndProject
Project("{9A19103F-16F7-4668-BE54-9A1E7A4F7556}") = "PhoneNumbers.Test", "PhoneNumbers.Test\PhoneNumbers.Test.csproj", "{98341310-7045-435F-B199-7E9602B7BCF0}"
EndProject
Project("{FAE04EC0-301F-11D3-BF4B-00C04F79EFBC}") = "Tools", "Tools\Tools.csproj", "{BE994FB0-8B19-45D5-9F35-033AD5DD52DF}"
EndProject
Project("{FAE04EC0-301F-11D3-BF4B-00C04F79EFBC}") = "Tools.Test", "Tools.Test\Tools.Test.csproj", "{C970EB29-87E7-4415-8E52-0C81AA72EE18}"
EndProject
Global
	GlobalSection(SolutionConfigurationPlatforms) = preSolution
		Debug_Silverlight2|Any CPU = Debug_Silverlight2|Any CPU
		Debug|Any CPU = Debug|Any CPU
		Release_Silverlight2|Any CPU = Release_Silverlight2|Any CPU
		Release|Any CPU = Release|Any CPU
		Silverlight2|Any CPU = Silverlight2|Any CPU
	EndGlobalSection
	GlobalSection(ProjectConfigurationPlatforms) = postSolution
		{AA0F869D-A624-47D0-9614-B40FF5782D61}.Debug_Silverlight2|Any CPU.ActiveCfg = Debug|Any CPU
		{AA0F869D-A624-47D0-9614-B40FF5782D61}.Debug_Silverlight2|Any CPU.Build.0 = Debug|Any CPU
		{AA0F869D-A624-47D0-9614-B40FF5782D61}.Debug|Any CPU.ActiveCfg = Debug|Any CPU
		{AA0F869D-A624-47D0-9614-B40FF5782D61}.Debug|Any CPU.Build.0 = Debug|Any CPU
		{AA0F869D-A624-47D0-9614-B40FF5782D61}.Release_Silverlight2|Any CPU.ActiveCfg = Release|Any CPU
		{AA0F869D-A624-47D0-9614-B40FF5782D61}.Release_Silverlight2|Any CPU.Build.0 = Release|Any CPU
		{AA0F869D-A624-47D0-9614-B40FF5782D61}.Release|Any CPU.ActiveCfg = Release|Any CPU
		{AA0F869D-A624-47D0-9614-B40FF5782D61}.Release|Any CPU.Build.0 = Release|Any CPU
		{AA0F869D-A624-47D0-9614-B40FF5782D61}.Silverlight2|Any CPU.ActiveCfg = Debug|Any CPU
		{AA0F869D-A624-47D0-9614-B40FF5782D61}.Silverlight2|Any CPU.Build.0 = Debug|Any CPU
		{98341310-7045-435F-B199-7E9602B7BCF0}.Debug_Silverlight2|Any CPU.ActiveCfg = Debug|Any CPU
		{98341310-7045-435F-B199-7E9602B7BCF0}.Debug_Silverlight2|Any CPU.Build.0 = Debug|Any CPU
		{98341310-7045-435F-B199-7E9602B7BCF0}.Debug|Any CPU.ActiveCfg = Debug|Any CPU
		{98341310-7045-435F-B199-7E9602B7BCF0}.Debug|Any CPU.Build.0 = Debug|Any CPU
		{98341310-7045-435F-B199-7E9602B7BCF0}.Release_Silverlight2|Any CPU.ActiveCfg = Release|Any CPU
		{98341310-7045-435F-B199-7E9602B7BCF0}.Release_Silverlight2|Any CPU.Build.0 = Release|Any CPU
		{98341310-7045-435F-B199-7E9602B7BCF0}.Release|Any CPU.ActiveCfg = Release|Any CPU
		{98341310-7045-435F-B199-7E9602B7BCF0}.Release|Any CPU.Build.0 = Release|Any CPU
		{98341310-7045-435F-B199-7E9602B7BCF0}.Silverlight2|Any CPU.ActiveCfg = Debug|Any CPU
		{98341310-7045-435F-B199-7E9602B7BCF0}.Silverlight2|Any CPU.Build.0 = Debug|Any CPU
		{BE994FB0-8B19-45D5-9F35-033AD5DD52DF}.Debug_Silverlight2|Any CPU.ActiveCfg = Debug|Any CPU
		{BE994FB0-8B19-45D5-9F35-033AD5DD52DF}.Debug_Silverlight2|Any CPU.Build.0 = Debug|Any CPU
		{BE994FB0-8B19-45D5-9F35-033AD5DD52DF}.Debug|Any CPU.ActiveCfg = Debug|Any CPU
		{BE994FB0-8B19-45D5-9F35-033AD5DD52DF}.Debug|Any CPU.Build.0 = Debug|Any CPU
		{BE994FB0-8B19-45D5-9F35-033AD5DD52DF}.Release_Silverlight2|Any CPU.ActiveCfg = Release|Any CPU
		{BE994FB0-8B19-45D5-9F35-033AD5DD52DF}.Release_Silverlight2|Any CPU.Build.0 = Release|Any CPU
		{BE994FB0-8B19-45D5-9F35-033AD5DD52DF}.Release|Any CPU.ActiveCfg = Release|Any CPU
		{BE994FB0-8B19-45D5-9F35-033AD5DD52DF}.Release|Any CPU.Build.0 = Release|Any CPU
		{BE994FB0-8B19-45D5-9F35-033AD5DD52DF}.Silverlight2|Any CPU.ActiveCfg = Debug|Any CPU
		{BE994FB0-8B19-45D5-9F35-033AD5DD52DF}.Silverlight2|Any CPU.Build.0 = Debug|Any CPU
		{C970EB29-87E7-4415-8E52-0C81AA72EE18}.Debug_Silverlight2|Any CPU.ActiveCfg = Debug|Any CPU
		{C970EB29-87E7-4415-8E52-0C81AA72EE18}.Debug_Silverlight2|Any CPU.Build.0 = Debug|Any CPU
		{C970EB29-87E7-4415-8E52-0C81AA72EE18}.Debug|Any CPU.ActiveCfg = Debug|Any CPU
		{C970EB29-87E7-4415-8E52-0C81AA72EE18}.Debug|Any CPU.Build.0 = Debug|Any CPU
		{C970EB29-87E7-4415-8E52-0C81AA72EE18}.Release_Silverlight2|Any CPU.ActiveCfg = Release|Any CPU
		{C970EB29-87E7-4415-8E52-0C81AA72EE18}.Release_Silverlight2|Any CPU.Build.0 = Release|Any CPU
		{C970EB29-87E7-4415-8E52-0C81AA72EE18}.Release|Any CPU.ActiveCfg = Release|Any CPU
		{C970EB29-87E7-4415-8E52-0C81AA72EE18}.Release|Any CPU.Build.0 = Release|Any CPU
		{C970EB29-87E7-4415-8E52-0C81AA72EE18}.Silverlight2|Any CPU.ActiveCfg = Debug|Any CPU
		{C970EB29-87E7-4415-8E52-0C81AA72EE18}.Silverlight2|Any CPU.Build.0 = Debug|Any CPU
	EndGlobalSection
	GlobalSection(SolutionProperties) = preSolution
		HideSolutionNode = FALSE
	EndGlobalSection
	GlobalSection(ExtensibilityGlobals) = postSolution
		SolutionGuid = {13B5D9E1-AEB6-471C-80EC-34E06E962D74}
	EndGlobalSection
EndGlobal
